// !$*UTF8*$!
{
	archiveVersion = 1;
	classes = {
	};
	objectVersion = 46;
	objects = {

/* Begin PBXBuildFile section */
		DD0DE17E1F08408000072D30 /* lf.framework in Frameworks */ = {isa = PBXBuildFile; fileRef = DD0DE17D1F08408000072D30 /* lf.framework */; };
		DD0DE17F1F08408000072D30 /* lf.framework in Embed Frameworks */ = {isa = PBXBuildFile; fileRef = DD0DE17D1F08408000072D30 /* lf.framework */; settings = {ATTRIBUTES = (CodeSignOnCopy, RemoveHeadersOnCopy, ); }; };
		DD48536F1F08365600F078F0 /* AppDelegate.swift in Sources */ = {isa = PBXBuildFile; fileRef = DD48536E1F08365600F078F0 /* AppDelegate.swift */; };
		DD4853711F08365600F078F0 /* ViewController.swift in Sources */ = {isa = PBXBuildFile; fileRef = DD4853701F08365600F078F0 /* ViewController.swift */; };
		DD4853741F08365600F078F0 /* Main.storyboard in Resources */ = {isa = PBXBuildFile; fileRef = DD4853721F08365600F078F0 /* Main.storyboard */; };
		DD4853761F08365600F078F0 /* Assets.xcassets in Resources */ = {isa = PBXBuildFile; fileRef = DD4853751F08365600F078F0 /* Assets.xcassets */; };
		DD4853791F08365600F078F0 /* LaunchScreen.storyboard in Resources */ = {isa = PBXBuildFile; fileRef = DD4853771F08365600F078F0 /* LaunchScreen.storyboard */; };
		DD4853841F08365600F078F0 /* RtmpAudioMp3Tests.swift in Sources */ = {isa = PBXBuildFile; fileRef = DD4853831F08365600F078F0 /* RtmpAudioMp3Tests.swift */; };
		DD48538F1F08365600F078F0 /* RtmpAudioMp3UITests.swift in Sources */ = {isa = PBXBuildFile; fileRef = DD48538E1F08365600F078F0 /* RtmpAudioMp3UITests.swift */; };
		DD7AF4E51F894F2D00167176 /* XCGLogger.framework in Frameworks */ = {isa = PBXBuildFile; fileRef = DD7AF4E31F894F2D00167176 /* XCGLogger.framework */; };
		DD7AF4E61F894F3300167176 /* ObjcExceptionBridging.framework in Frameworks */ = {isa = PBXBuildFile; fileRef = DD7AF4E21F894F2D00167176 /* ObjcExceptionBridging.framework */; };
		DD7AF4E71F894F3300167176 /* ObjcExceptionBridging.framework in Embed Frameworks */ = {isa = PBXBuildFile; fileRef = DD7AF4E21F894F2D00167176 /* ObjcExceptionBridging.framework */; settings = {ATTRIBUTES = (CodeSignOnCopy, RemoveHeadersOnCopy, ); }; };
		DD7AF4E91F894F3300167176 /* XCGLogger.framework in Embed Frameworks */ = {isa = PBXBuildFile; fileRef = DD7AF4E31F894F2D00167176 /* XCGLogger.framework */; settings = {ATTRIBUTES = (CodeSignOnCopy, RemoveHeadersOnCopy, ); }; };
/* End PBXBuildFile section */

/* Begin PBXContainerItemProxy section */
		DD4853801F08365600F078F0 /* PBXContainerItemProxy */ = {
			isa = PBXContainerItemProxy;
			containerPortal = DD4853631F08365600F078F0 /* Project object */;
			proxyType = 1;
			remoteGlobalIDString = DD48536A1F08365600F078F0;
			remoteInfo = RtmpAudioMp3;
		};
		DD48538B1F08365600F078F0 /* PBXContainerItemProxy */ = {
			isa = PBXContainerItemProxy;
			containerPortal = DD4853631F08365600F078F0 /* Project object */;
			proxyType = 1;
			remoteGlobalIDString = DD48536A1F08365600F078F0;
			remoteInfo = RtmpAudioMp3;
		};
/* End PBXContainerItemProxy section */

/* Begin PBXCopyFilesBuildPhase section */
		DD0DE1801F08408000072D30 /* Embed Frameworks */ = {
			isa = PBXCopyFilesBuildPhase;
			buildActionMask = 2147483647;
			dstPath = "";
			dstSubfolderSpec = 10;
			files = (
				DD7AF4E71F894F3300167176 /* ObjcExceptionBridging.framework in Embed Frameworks */,
				DD0DE17F1F08408000072D30 /* lf.framework in Embed Frameworks */,
				DD7AF4E91F894F3300167176 /* XCGLogger.framework in Embed Frameworks */,
			);
			name = "Embed Frameworks";
			runOnlyForDeploymentPostprocessing = 0;
		};
/* End PBXCopyFilesBuildPhase section */

/* Begin PBXFileReference section */
		DD0DE17D1F08408000072D30 /* lf.framework */ = {isa = PBXFileReference; lastKnownFileType = wrapper.framework; name = lf.framework; path = Carthage/Build/iOS/lf.framework; sourceTree = "<group>"; };
		DD48536B1F08365600F078F0 /* RtmpAudioMp3.app */ = {isa = PBXFileReference; explicitFileType = wrapper.application; includeInIndex = 0; path = RtmpAudioMp3.app; sourceTree = BUILT_PRODUCTS_DIR; };
		DD48536E1F08365600F078F0 /* AppDelegate.swift */ = {isa = PBXFileReference; lastKnownFileType = sourcecode.swift; path = AppDelegate.swift; sourceTree = "<group>"; };
		DD4853701F08365600F078F0 /* ViewController.swift */ = {isa = PBXFileReference; lastKnownFileType = sourcecode.swift; path = ViewController.swift; sourceTree = "<group>"; };
		DD4853731F08365600F078F0 /* Base */ = {isa = PBXFileReference; lastKnownFileType = file.storyboard; name = Base; path = Base.lproj/Main.storyboard; sourceTree = "<group>"; };
		DD4853751F08365600F078F0 /* Assets.xcassets */ = {isa = PBXFileReference; lastKnownFileType = folder.assetcatalog; path = Assets.xcassets; sourceTree = "<group>"; };
		DD4853781F08365600F078F0 /* Base */ = {isa = PBXFileReference; lastKnownFileType = file.storyboard; name = Base; path = Base.lproj/LaunchScreen.storyboard; sourceTree = "<group>"; };
		DD48537A1F08365600F078F0 /* Info.plist */ = {isa = PBXFileReference; lastKnownFileType = text.plist.xml; path = Info.plist; sourceTree = "<group>"; };
		DD48537F1F08365600F078F0 /* RtmpAudioMp3Tests.xctest */ = {isa = PBXFileReference; explicitFileType = wrapper.cfbundle; includeInIndex = 0; path = RtmpAudioMp3Tests.xctest; sourceTree = BUILT_PRODUCTS_DIR; };
		DD4853831F08365600F078F0 /* RtmpAudioMp3Tests.swift */ = {isa = PBXFileReference; lastKnownFileType = sourcecode.swift; path = RtmpAudioMp3Tests.swift; sourceTree = "<group>"; };
		DD4853851F08365600F078F0 /* Info.plist */ = {isa = PBXFileReference; lastKnownFileType = text.plist.xml; path = Info.plist; sourceTree = "<group>"; };
		DD48538A1F08365600F078F0 /* RtmpAudioMp3UITests.xctest */ = {isa = PBXFileReference; explicitFileType = wrapper.cfbundle; includeInIndex = 0; path = RtmpAudioMp3UITests.xctest; sourceTree = BUILT_PRODUCTS_DIR; };
		DD48538E1F08365600F078F0 /* RtmpAudioMp3UITests.swift */ = {isa = PBXFileReference; lastKnownFileType = sourcecode.swift; path = RtmpAudioMp3UITests.swift; sourceTree = "<group>"; };
		DD4853901F08365600F078F0 /* Info.plist */ = {isa = PBXFileReference; lastKnownFileType = text.plist.xml; path = Info.plist; sourceTree = "<group>"; };
		DD7AF4E21F894F2D00167176 /* ObjcExceptionBridging.framework */ = {isa = PBXFileReference; lastKnownFileType = wrapper.framework; name = ObjcExceptionBridging.framework; path = Carthage/Build/iOS/ObjcExceptionBridging.framework; sourceTree = "<group>"; };
		DD7AF4E31F894F2D00167176 /* XCGLogger.framework */ = {isa = PBXFileReference; lastKnownFileType = wrapper.framework; name = XCGLogger.framework; path = Carthage/Build/iOS/XCGLogger.framework; sourceTree = "<group>"; };
/* End PBXFileReference section */

/* Begin PBXFrameworksBuildPhase section */
		DD4853681F08365600F078F0 /* Frameworks */ = {
			isa = PBXFrameworksBuildPhase;
			buildActionMask = 2147483647;
			files = (
				DD7AF4E51F894F2D00167176 /* XCGLogger.framework in Frameworks */,
				DD7AF4E61F894F3300167176 /* ObjcExceptionBridging.framework in Frameworks */,
				DD0DE17E1F08408000072D30 /* lf.framework in Frameworks */,
			);
			runOnlyForDeploymentPostprocessing = 0;
		};
		DD48537C1F08365600F078F0 /* Frameworks */ = {
			isa = PBXFrameworksBuildPhase;
			buildActionMask = 2147483647;
			files = (
			);
			runOnlyForDeploymentPostprocessing = 0;
		};
		DD4853871F08365600F078F0 /* Frameworks */ = {
			isa = PBXFrameworksBuildPhase;
			buildActionMask = 2147483647;
			files = (
			);
			runOnlyForDeploymentPostprocessing = 0;
		};
/* End PBXFrameworksBuildPhase section */

/* Begin PBXGroup section */
		DD4853621F08365600F078F0 = {
			isa = PBXGroup;
			children = (
				DD48536D1F08365600F078F0 /* RtmpAudioMp3 */,
				DD4853821F08365600F078F0 /* RtmpAudioMp3Tests */,
				DD48538D1F08365600F078F0 /* RtmpAudioMp3UITests */,
				DD48536C1F08365600F078F0 /* Products */,
				DD7AF4E11F894F2C00167176 /* Frameworks */,
			);
			sourceTree = "<group>";
		};
		DD48536C1F08365600F078F0 /* Products */ = {
			isa = PBXGroup;
			children = (
				DD48536B1F08365600F078F0 /* RtmpAudioMp3.app */,
				DD48537F1F08365600F078F0 /* RtmpAudioMp3Tests.xctest */,
				DD48538A1F08365600F078F0 /* RtmpAudioMp3UITests.xctest */,
			);
			name = Products;
			sourceTree = "<group>";
		};
		DD48536D1F08365600F078F0 /* RtmpAudioMp3 */ = {
			isa = PBXGroup;
			children = (
				DD48536E1F08365600F078F0 /* AppDelegate.swift */,
				DD4853701F08365600F078F0 /* ViewController.swift */,
				DD4853721F08365600F078F0 /* Main.storyboard */,
				DD4853751F08365600F078F0 /* Assets.xcassets */,
				DD4853771F08365600F078F0 /* LaunchScreen.storyboard */,
				DD48537A1F08365600F078F0 /* Info.plist */,
			);
			path = RtmpAudioMp3;
			sourceTree = "<group>";
		};
		DD4853821F08365600F078F0 /* RtmpAudioMp3Tests */ = {
			isa = PBXGroup;
			children = (
				DD4853831F08365600F078F0 /* RtmpAudioMp3Tests.swift */,
				DD4853851F08365600F078F0 /* Info.plist */,
			);
			path = RtmpAudioMp3Tests;
			sourceTree = "<group>";
		};
		DD48538D1F08365600F078F0 /* RtmpAudioMp3UITests */ = {
			isa = PBXGroup;
			children = (
				DD48538E1F08365600F078F0 /* RtmpAudioMp3UITests.swift */,
				DD4853901F08365600F078F0 /* Info.plist */,
			);
			path = RtmpAudioMp3UITests;
			sourceTree = "<group>";
		};
		DD7AF4E11F894F2C00167176 /* Frameworks */ = {
			isa = PBXGroup;
			children = (
				DD0DE17D1F08408000072D30 /* lf.framework */,
				DD7AF4E21F894F2D00167176 /* ObjcExceptionBridging.framework */,
				DD7AF4E31F894F2D00167176 /* XCGLogger.framework */,
			);
			name = Frameworks;
			sourceTree = "<group>";
		};
/* End PBXGroup section */

/* Begin PBXNativeTarget section */
		DD48536A1F08365600F078F0 /* RtmpAudioMp3 */ = {
			isa = PBXNativeTarget;
			buildConfigurationList = DD4853931F08365600F078F0 /* Build configuration list for PBXNativeTarget "RtmpAudioMp3" */;
			buildPhases = (
				DD4853671F08365600F078F0 /* Sources */,
				DD4853681F08365600F078F0 /* Frameworks */,
				DD4853691F08365600F078F0 /* Resources */,
				DD48539C1F083AB600F078F0 /* Run Script */,
				DD0DE1801F08408000072D30 /* Embed Frameworks */,
			);
			buildRules = (
			);
			dependencies = (
			);
			name = RtmpAudioMp3;
			productName = RtmpAudioMp3;
			productReference = DD48536B1F08365600F078F0 /* RtmpAudioMp3.app */;
			productType = "com.apple.product-type.application";
		};
		DD48537E1F08365600F078F0 /* RtmpAudioMp3Tests */ = {
			isa = PBXNativeTarget;
			buildConfigurationList = DD4853961F08365600F078F0 /* Build configuration list for PBXNativeTarget "RtmpAudioMp3Tests" */;
			buildPhases = (
				DD48537B1F08365600F078F0 /* Sources */,
				DD48537C1F08365600F078F0 /* Frameworks */,
				DD48537D1F08365600F078F0 /* Resources */,
			);
			buildRules = (
			);
			dependencies = (
				DD4853811F08365600F078F0 /* PBXTargetDependency */,
			);
			name = RtmpAudioMp3Tests;
			productName = RtmpAudioMp3Tests;
			productReference = DD48537F1F08365600F078F0 /* RtmpAudioMp3Tests.xctest */;
			productType = "com.apple.product-type.bundle.unit-test";
		};
		DD4853891F08365600F078F0 /* RtmpAudioMp3UITests */ = {
			isa = PBXNativeTarget;
			buildConfigurationList = DD4853991F08365600F078F0 /* Build configuration list for PBXNativeTarget "RtmpAudioMp3UITests" */;
			buildPhases = (
				DD4853861F08365600F078F0 /* Sources */,
				DD4853871F08365600F078F0 /* Frameworks */,
				DD4853881F08365600F078F0 /* Resources */,
			);
			buildRules = (
			);
			dependencies = (
				DD48538C1F08365600F078F0 /* PBXTargetDependency */,
			);
			name = RtmpAudioMp3UITests;
			productName = RtmpAudioMp3UITests;
			productReference = DD48538A1F08365600F078F0 /* RtmpAudioMp3UITests.xctest */;
			productType = "com.apple.product-type.bundle.ui-testing";
		};
/* End PBXNativeTarget section */

/* Begin PBXProject section */
		DD4853631F08365600F078F0 /* Project object */ = {
			isa = PBXProject;
			attributes = {
				LastSwiftUpdateCheck = 0830;
				LastUpgradeCheck = 0830;
				ORGANIZATIONNAME = "Soheb Mahmood";
				TargetAttributes = {
					DD48536A1F08365600F078F0 = {
						CreatedOnToolsVersion = 8.3.3;
						DevelopmentTeam = 4K248BKV5B;
						ProvisioningStyle = Automatic;
					};
					DD48537E1F08365600F078F0 = {
						CreatedOnToolsVersion = 8.3.3;
						ProvisioningStyle = Automatic;
						TestTargetID = DD48536A1F08365600F078F0;
					};
					DD4853891F08365600F078F0 = {
						CreatedOnToolsVersion = 8.3.3;
						ProvisioningStyle = Automatic;
						TestTargetID = DD48536A1F08365600F078F0;
					};
				};
			};
			buildConfigurationList = DD4853661F08365600F078F0 /* Build configuration list for PBXProject "RtmpAudioMp3" */;
			compatibilityVersion = "Xcode 3.2";
			developmentRegion = English;
			hasScannedForEncodings = 0;
			knownRegions = (
				en,
				Base,
			);
			mainGroup = DD4853621F08365600F078F0;
			productRefGroup = DD48536C1F08365600F078F0 /* Products */;
			projectDirPath = "";
			projectRoot = "";
			targets = (
				DD48536A1F08365600F078F0 /* RtmpAudioMp3 */,
				DD48537E1F08365600F078F0 /* RtmpAudioMp3Tests */,
				DD4853891F08365600F078F0 /* RtmpAudioMp3UITests */,
			);
		};
/* End PBXProject section */

/* Begin PBXResourcesBuildPhase section */
		DD4853691F08365600F078F0 /* Resources */ = {
			isa = PBXResourcesBuildPhase;
			buildActionMask = 2147483647;
			files = (
				DD4853791F08365600F078F0 /* LaunchScreen.storyboard in Resources */,
				DD4853761F08365600F078F0 /* Assets.xcassets in Resources */,
				DD4853741F08365600F078F0 /* Main.storyboard in Resources */,
			);
			runOnlyForDeploymentPostprocessing = 0;
		};
		DD48537D1F08365600F078F0 /* Resources */ = {
			isa = PBXResourcesBuildPhase;
			buildActionMask = 2147483647;
			files = (
			);
			runOnlyForDeploymentPostprocessing = 0;
		};
		DD4853881F08365600F078F0 /* Resources */ = {
			isa = PBXResourcesBuildPhase;
			buildActionMask = 2147483647;
			files = (
			);
			runOnlyForDeploymentPostprocessing = 0;
		};
/* End PBXResourcesBuildPhase section */

/* Begin PBXShellScriptBuildPhase section */
		DD48539C1F083AB600F078F0 /* Run Script */ = {
			isa = PBXShellScriptBuildPhase;
			buildActionMask = 2147483647;
			files = (
			);
			inputPaths = (
				"$(SRCROOT)/Carthage/Build/iOS/lf.framework",
				"$(SRCROOT)/Carthage/Build/iOS/XCGLogger.framework",
				"$(SRCROOT)/Carthage/Build/iOS/ObjcExceptionBridging.framework",
			);
			name = "Run Script";
			outputPaths = (
				"$(BUILT_PRODUCTS_DIR)/$(FRAMEWORKS_FOLDER_PATH)/lf.framework",
				"$(BUILT_PRODUCTS_DIR)/$(FRAMEWORKS_FOLDER_PATH)/ObjcExceptionBridging.framework",
				"$(BUILT_PRODUCTS_DIR)/$(FRAMEWORKS_FOLDER_PATH)/XCGLogger.framework",
			);
			runOnlyForDeploymentPostprocessing = 0;
			shellPath = /bin/sh;
			shellScript = "/usr/local/bin/carthage copy-frameworks";
		};
/* End PBXShellScriptBuildPhase section */

/* Begin PBXSourcesBuildPhase section */
		DD4853671F08365600F078F0 /* Sources */ = {
			isa = PBXSourcesBuildPhase;
			buildActionMask = 2147483647;
			files = (
				DD4853711F08365600F078F0 /* ViewController.swift in Sources */,
				DD48536F1F08365600F078F0 /* AppDelegate.swift in Sources */,
			);
			runOnlyForDeploymentPostprocessing = 0;
		};
		DD48537B1F08365600F078F0 /* Sources */ = {
			isa = PBXSourcesBuildPhase;
			buildActionMask = 2147483647;
			files = (
				DD4853841F08365600F078F0 /* RtmpAudioMp3Tests.swift in Sources */,
			);
			runOnlyForDeploymentPostprocessing = 0;
		};
		DD4853861F08365600F078F0 /* Sources */ = {
			isa = PBXSourcesBuildPhase;
			buildActionMask = 2147483647;
			files = (
				DD48538F1F08365600F078F0 /* RtmpAudioMp3UITests.swift in Sources */,
			);
			runOnlyForDeploymentPostprocessing = 0;
		};
/* End PBXSourcesBuildPhase section */

/* Begin PBXTargetDependency section */
		DD4853811F08365600F078F0 /* PBXTargetDependency */ = {
			isa = PBXTargetDependency;
			target = DD48536A1F08365600F078F0 /* RtmpAudioMp3 */;
			targetProxy = DD4853801F08365600F078F0 /* PBXContainerItemProxy */;
		};
		DD48538C1F08365600F078F0 /* PBXTargetDependency */ = {
			isa = PBXTargetDependency;
			target = DD48536A1F08365600F078F0 /* RtmpAudioMp3 */;
			targetProxy = DD48538B1F08365600F078F0 /* PBXContainerItemProxy */;
		};
/* End PBXTargetDependency section */

/* Begin PBXVariantGroup section */
		DD4853721F08365600F078F0 /* Main.storyboard */ = {
			isa = PBXVariantGroup;
			children = (
				DD4853731F08365600F078F0 /* Base */,
			);
			name = Main.storyboard;
			sourceTree = "<group>";
		};
		DD4853771F08365600F078F0 /* LaunchScreen.storyboard */ = {
			isa = PBXVariantGroup;
			children = (
				DD4853781F08365600F078F0 /* Base */,
			);
			name = LaunchScreen.storyboard;
			sourceTree = "<group>";
		};
/* End PBXVariantGroup section */

/* Begin XCBuildConfiguration section */
		DD4853911F08365600F078F0 /* Debug */ = {
			isa = XCBuildConfiguration;
			buildSettings = {
				ALWAYS_SEARCH_USER_PATHS = NO;
				CLANG_ANALYZER_NONNULL = YES;
				CLANG_ANALYZER_NUMBER_OBJECT_CONVERSION = YES_AGGRESSIVE;
				CLANG_CXX_LANGUAGE_STANDARD = "gnu++0x";
				CLANG_CXX_LIBRARY = "libc++";
				CLANG_ENABLE_MODULES = YES;
				CLANG_ENABLE_OBJC_ARC = YES;
				CLANG_WARN_BOOL_CONVERSION = YES;
				CLANG_WARN_CONSTANT_CONVERSION = YES;
				CLANG_WARN_DIRECT_OBJC_ISA_USAGE = YES_ERROR;
				CLANG_WARN_DOCUMENTATION_COMMENTS = YES;
				CLANG_WARN_EMPTY_BODY = YES;
				CLANG_WARN_ENUM_CONVERSION = YES;
				CLANG_WARN_INFINITE_RECURSION = YES;
				CLANG_WARN_INT_CONVERSION = YES;
				CLANG_WARN_OBJC_ROOT_CLASS = YES_ERROR;
				CLANG_WARN_SUSPICIOUS_MOVE = YES;
				CLANG_WARN_UNREACHABLE_CODE = YES;
				CLANG_WARN__DUPLICATE_METHOD_MATCH = YES;
				"CODE_SIGN_IDENTITY[sdk=iphoneos*]" = "iPhone Developer";
				COPY_PHASE_STRIP = NO;
				DEBUG_INFORMATION_FORMAT = dwarf;
				ENABLE_STRICT_OBJC_MSGSEND = YES;
				ENABLE_TESTABILITY = YES;
				GCC_C_LANGUAGE_STANDARD = gnu99;
				GCC_DYNAMIC_NO_PIC = NO;
				GCC_NO_COMMON_BLOCKS = YES;
				GCC_OPTIMIZATION_LEVEL = 0;
				GCC_PREPROCESSOR_DEFINITIONS = (
					"DEBUG=1",
					"$(inherited)",
				);
				GCC_WARN_64_TO_32_BIT_CONVERSION = YES;
				GCC_WARN_ABOUT_RETURN_TYPE = YES_ERROR;
				GCC_WARN_UNDECLARED_SELECTOR = YES;
				GCC_WARN_UNINITIALIZED_AUTOS = YES_AGGRESSIVE;
				GCC_WARN_UNUSED_FUNCTION = YES;
				GCC_WARN_UNUSED_VARIABLE = YES;
				IPHONEOS_DEPLOYMENT_TARGET = 10.3;
				MTL_ENABLE_DEBUG_INFO = YES;
				ONLY_ACTIVE_ARCH = YES;
				SDKROOT = iphoneos;
				SWIFT_ACTIVE_COMPILATION_CONDITIONS = DEBUG;
				SWIFT_OPTIMIZATION_LEVEL = "-Onone";
				SWIFT_VERSION = 3.0;
				TARGETED_DEVICE_FAMILY = "1,2";
			};
			name = Debug;
		};
		DD4853921F08365600F078F0 /* Release */ = {
			isa = XCBuildConfiguration;
			buildSettings = {
				ALWAYS_SEARCH_USER_PATHS = NO;
				CLANG_ANALYZER_NONNULL = YES;
				CLANG_ANALYZER_NUMBER_OBJECT_CONVERSION = YES_AGGRESSIVE;
				CLANG_CXX_LANGUAGE_STANDARD = "gnu++0x";
				CLANG_CXX_LIBRARY = "libc++";
				CLANG_ENABLE_MODULES = YES;
				CLANG_ENABLE_OBJC_ARC = YES;
				CLANG_WARN_BOOL_CONVERSION = YES;
				CLANG_WARN_CONSTANT_CONVERSION = YES;
				CLANG_WARN_DIRECT_OBJC_ISA_USAGE = YES_ERROR;
				CLANG_WARN_DOCUMENTATION_COMMENTS = YES;
				CLANG_WARN_EMPTY_BODY = YES;
				CLANG_WARN_ENUM_CONVERSION = YES;
				CLANG_WARN_INFINITE_RECURSION = YES;
				CLANG_WARN_INT_CONVERSION = YES;
				CLANG_WARN_OBJC_ROOT_CLASS = YES_ERROR;
				CLANG_WARN_SUSPICIOUS_MOVE = YES;
				CLANG_WARN_UNREACHABLE_CODE = YES;
				CLANG_WARN__DUPLICATE_METHOD_MATCH = YES;
				"CODE_SIGN_IDENTITY[sdk=iphoneos*]" = "iPhone Developer";
				COPY_PHASE_STRIP = NO;
				DEBUG_INFORMATION_FORMAT = "dwarf-with-dsym";
				ENABLE_NS_ASSERTIONS = NO;
				ENABLE_STRICT_OBJC_MSGSEND = YES;
				GCC_C_LANGUAGE_STANDARD = gnu99;
				GCC_NO_COMMON_BLOCKS = YES;
				GCC_WARN_64_TO_32_BIT_CONVERSION = YES;
				GCC_WARN_ABOUT_RETURN_TYPE = YES_ERROR;
				GCC_WARN_UNDECLARED_SELECTOR = YES;
				GCC_WARN_UNINITIALIZED_AUTOS = YES_AGGRESSIVE;
				GCC_WARN_UNUSED_FUNCTION = YES;
				GCC_WARN_UNUSED_VARIABLE = YES;
				IPHONEOS_DEPLOYMENT_TARGET = 10.3;
				MTL_ENABLE_DEBUG_INFO = NO;
				SDKROOT = iphoneos;
				SWIFT_OPTIMIZATION_LEVEL = "-Owholemodule";
				SWIFT_VERSION = 3.0;
				TARGETED_DEVICE_FAMILY = "1,2";
				VALIDATE_PRODUCT = YES;
			};
			name = Release;
		};
		DD4853941F08365600F078F0 /* Debug */ = {
			isa = XCBuildConfiguration;
			buildSettings = {
				ASSETCATALOG_COMPILER_APPICON_NAME = AppIcon;
				DEVELOPMENT_TEAM = 4K248BKV5B;
				FRAMEWORK_SEARCH_PATHS = (
					"$(inherited)",
					"$(PROJECT_DIR)/Carthage/Build/iOS",
				);
				INFOPLIST_FILE = RtmpAudioMp3/Info.plist;
				LD_RUNPATH_SEARCH_PATHS = "$(inherited) @executable_path/Frameworks";
				PRODUCT_BUNDLE_IDENTIFIER = com.soheb.example.RtmpAudioMp3;
				PRODUCT_NAME = "$(TARGET_NAME)";
				SWIFT_VERSION = 3.0;
			};
			name = Debug;
		};
		DD4853951F08365600F078F0 /* Release */ = {
			isa = XCBuildConfiguration;
			buildSettings = {
				ASSETCATALOG_COMPILER_APPICON_NAME = AppIcon;
				DEVELOPMENT_TEAM = 4K248BKV5B;
				FRAMEWORK_SEARCH_PATHS = (
					"$(inherited)",
					"$(PROJECT_DIR)/Carthage/Build/iOS",
				);
				INFOPLIST_FILE = RtmpAudioMp3/Info.plist;
				LD_RUNPATH_SEARCH_PATHS = "$(inherited) @executable_path/Frameworks";
				PRODUCT_BUNDLE_IDENTIFIER = com.soheb.example.RtmpAudioMp3;
				PRODUCT_NAME = "$(TARGET_NAME)";
				SWIFT_VERSION = 3.0;
			};
			name = Release;
		};
		DD4853971F08365600F078F0 /* Debug */ = {
			isa = XCBuildConfiguration;
			buildSettings = {
				ALWAYS_EMBED_SWIFT_STANDARD_LIBRARIES = YES;
				BUNDLE_LOADER = "$(TEST_HOST)";
				INFOPLIST_FILE = RtmpAudioMp3Tests/Info.plist;
				LD_RUNPATH_SEARCH_PATHS = "$(inherited) @executable_path/Frameworks @loader_path/Frameworks";
				PRODUCT_BUNDLE_IDENTIFIER = com.soheb.example.RtmpAudioMp3Tests;
				PRODUCT_NAME = "$(TARGET_NAME)";
				SWIFT_VERSION = 3.0;
				TEST_HOST = "$(BUILT_PRODUCTS_DIR)/RtmpAudioMp3.app/RtmpAudioMp3";
			};
			name = Debug;
		};
		DD4853981F08365600F078F0 /* Release */ = {
			isa = XCBuildConfiguration;
			buildSettings = {
				ALWAYS_EMBED_SWIFT_STANDARD_LIBRARIES = YES;
				BUNDLE_LOADER = "$(TEST_HOST)";
				INFOPLIST_FILE = RtmpAudioMp3Tests/Info.plist;
				LD_RUNPATH_SEARCH_PATHS = "$(inherited) @executable_path/Frameworks @loader_path/Frameworks";
				PRODUCT_BUNDLE_IDENTIFIER = com.soheb.example.RtmpAudioMp3Tests;
				PRODUCT_NAME = "$(TARGET_NAME)";
				SWIFT_VERSION = 3.0;
				TEST_HOST = "$(BUILT_PRODUCTS_DIR)/RtmpAudioMp3.app/RtmpAudioMp3";
			};
			name = Release;
		};
		DD48539A1F08365600F078F0 /* Debug */ = {
			isa = XCBuildConfiguration;
			buildSettings = {
				ALWAYS_EMBED_SWIFT_STANDARD_LIBRARIES = YES;
				INFOPLIST_FILE = RtmpAudioMp3UITests/Info.plist;
				LD_RUNPATH_SEARCH_PATHS = "$(inherited) @executable_path/Frameworks @loader_path/Frameworks";
				PRODUCT_BUNDLE_IDENTIFIER = com.soheb.example.RtmpAudioMp3UITests;
				PRODUCT_NAME = "$(TARGET_NAME)";
				SWIFT_VERSION = 3.0;
				TEST_TARGET_NAME = RtmpAudioMp3;
			};
			name = Debug;
		};
		DD48539B1F08365600F078F0 /* Release */ = {
			isa = XCBuildConfiguration;
			buildSettings = {
				ALWAYS_EMBED_SWIFT_STANDARD_LIBRARIES = YES;
				INFOPLIST_FILE = RtmpAudioMp3UITests/Info.plist;
				LD_RUNPATH_SEARCH_PATHS = "$(inherited) @executable_path/Frameworks @loader_path/Frameworks";
				PRODUCT_BUNDLE_IDENTIFIER = com.soheb.example.RtmpAudioMp3UITests;
				PRODUCT_NAME = "$(TARGET_NAME)";
				SWIFT_VERSION = 3.0;
				TEST_TARGET_NAME = RtmpAudioMp3;
			};
			name = Release;
		};
/* End XCBuildConfiguration section */

/* Begin XCConfigurationList section */
		DD4853661F08365600F078F0 /* Build configuration list for PBXProject "RtmpAudioMp3" */ = {
			isa = XCConfigurationList;
			buildConfigurations = (
				DD4853911F08365600F078F0 /* Debug */,
				DD4853921F08365600F078F0 /* Release */,
			);
			defaultConfigurationIsVisible = 0;
			defaultConfigurationName = Release;
		};
		DD4853931F08365600F078F0 /* Build configuration list for PBXNativeTarget "RtmpAudioMp3" */ = {
			isa = XCConfigurationList;
			buildConfigurations = (
				DD4853941F08365600F078F0 /* Debug */,
				DD4853951F08365600F078F0 /* Release */,
			);
			defaultConfigurationIsVisible = 0;
			defaultConfigurationName = Release;
		};
		DD4853961F08365600F078F0 /* Build configuration list for PBXNativeTarget "RtmpAudioMp3Tests" */ = {
			isa = XCConfigurationList;
			buildConfigurations = (
				DD4853971F08365600F078F0 /* Debug */,
				DD4853981F08365600F078F0 /* Release */,
			);
			defaultConfigurationIsVisible = 0;
			defaultConfigurationName = Release;
		};
		DD4853991F08365600F078F0 /* Build configuration list for PBXNativeTarget "RtmpAudioMp3UITests" */ = {
			isa = XCConfigurationList;
			buildConfigurations = (
				DD48539A1F08365600F078F0 /* Debug */,
				DD48539B1F08365600F078F0 /* Release */,
			);
			defaultConfigurationIsVisible = 0;
			defaultConfigurationName = Release;
		};
/* End XCConfigurationList section */
	};
	rootObject = DD4853631F08365600F078F0 /* Project object */;
}
